# This file is automatically @generated by Cargo.
# It is not intended for manual editing.
version = 3

[[package]]
name = "aho-corasick"
version = "0.7.18"
source = "registry+https://github.com/rust-lang/crates.io-index"
checksum = "1e37cfd5e7657ada45f742d6e99ca5788580b5c529dc78faf11ece6dc702656f"
dependencies = [
 "memchr",
]

[[package]]
name = "cc"
version = "1.0.73"
source = "registry+https://github.com/rust-lang/crates.io-index"
checksum = "2fff2a6927b3bb87f9595d67196a70493f627687a71d87a0d692242c33f58c11"

[[package]]
name = "lazy_static"
version = "1.4.0"
source = "registry+https://github.com/rust-lang/crates.io-index"
checksum = "e2abad23fbc42b3700f2f279844dc832adb2b2eb069b2df918f455c4e18cc646"

[[package]]
name = "libc"
version = "0.2.129"
source = "registry+https://github.com/rust-lang/crates.io-index"
checksum = "64de3cc433455c14174d42e554d4027ee631c4d046d43e3ecc6efc4636cdc7a7"

[[package]]
name = "llvm-sys"
version = "140.0.2"
source = "registry+https://github.com/rust-lang/crates.io-index"
checksum = "5a4ad24a72823cb06764e04a008d4aedc1be56d2be87aa4212b12a3e9f77bb10"
dependencies = [
 "cc",
 "lazy_static",
 "libc",
 "regex",
 "semver",
]

[[package]]
name = "memchr"
version = "2.5.0"
source = "registry+https://github.com/rust-lang/crates.io-index"
checksum = "2dffe52ecf27772e601905b7522cb4ef790d2cc203488bbd0e2fe85fcb74566d"

[[package]]
name = "peg"
version = "0.8.0"
source = "registry+https://github.com/rust-lang/crates.io-index"
checksum = "af728fe826811af3b38c37e93de6d104485953ea373d656eebae53d6987fcd2c"
dependencies = [
 "peg-macros",
 "peg-runtime",
]

[[package]]
name = "peg-macros"
version = "0.8.0"
source = "registry+https://github.com/rust-lang/crates.io-index"
checksum = "4536be147b770b824895cbad934fccce8e49f14b4c4946eaa46a6e4a12fcdc16"
dependencies = [
 "peg-runtime",
 "proc-macro2",
 "quote",
]

[[package]]
name = "peg-runtime"
version = "0.8.0"
source = "registry+https://github.com/rust-lang/crates.io-index"
checksum = "f9b0efd3ba03c3a409d44d60425f279ec442bcf0b9e63ff4e410da31c8b0f69f"

[[package]]
name = "practice-llvm"
version = "0.1.0"
dependencies = [
 "libc",
 "llvm-sys",
 "peg",
]

[[package]]
name = "proc-macro2"
version = "1.0.43"
source = "registry+https://github.com/rust-lang/crates.io-index"
checksum = "0a2ca2c61bc9f3d74d2886294ab7b9853abd9c1ad903a3ac7815c58989bb7bab"
dependencies = [
 "unicode-ident",
]

[[package]]
name = "quote"
version = "1.0.21"
source = "registry+https://github.com/rust-lang/crates.io-index"
checksum = "bbe448f377a7d6961e30f5955f9b8d106c3f5e449d493ee1b125c1d43c2b5179"
dependencies = [
 "proc-macro2",
]

[[package]]
name = "regex"
version = "1.6.0"
source = "registry+https://github.com/rust-lang/crates.io-index"
checksum = "4c4eb3267174b8c6c2f654116623910a0fef09c4753f8dd83db29c48a0df988b"
dependencies = [
 "aho-corasick",
 "memchr",
 "regex-syntax",
]

[[package]]
name = "regex-syntax"
version = "0.6.27"
source = "registry+https://github.com/rust-lang/crates.io-index"
checksum = "a3f87b73ce11b1619a3c6332f45341e0047173771e8b8b73f87bfeefb7b56244"

[[package]]
name = "semver"
version = "1.0.13"
source = "registry+https://github.com/rust-lang/crates.io-index"
checksum = "93f6841e709003d68bb2deee8c343572bf446003ec20a583e76f7b15cebf3711"

[[package]]
name = "unicode-ident"
version = "1.0.3"
source = "registry+https://github.com/rust-lang/crates.io-index"
checksum = "c4f5b37a154999a8f3f98cc23a628d850e154479cd94decf3414696e12e31aaf"
